{
  "name": "genericcrud",
  "version": "1.0.0",
  "lockfileVersion": 1,
  "requires": true,
  "dependencies": {
    "powersql": {
      "version": "git+https://github.com/isaqueks/powersql.git#7ee59c5db75d0dbf79bc28b5baf95f8d62be29a1",
      "from": "git+https://github.com/isaqueks/powersql.git#release"
    }
  }
}
