{
  "name": "genericcrud",
  "version": "2.2.1",
  "lockfileVersion": 2,
  "requires": true,
  "packages": {
    "": {
      "name": "genericcrud",
      "version": "2.2.1",
      "license": "MIT",
      "dependencies": {
        "powersql": "git+https://github.com/isaqueks/powersql.git#release"
      }
    },
    "node_modules/powersql": {
      "version": "2.0.4",
      "resolved": "git+ssh://git@github.com/isaqueks/powersql.git#bf1d7405c40deba3fd908208b08eecb4fffe0659",
      "license": "MIT"
    }
  },
  "dependencies": {
    "powersql": {
      "version": "git+ssh://git@github.com/isaqueks/powersql.git#bf1d7405c40deba3fd908208b08eecb4fffe0659",
      "from": "powersql@git+https://github.com/isaqueks/powersql.git#release"
    }
  }
}
